
Microsoft Visual Studio Solution File, Format Version 12.00
# Visual Studio Version 17
VisualStudioVersion = 17.3.32922.545
MinimumVisualStudioVersion = 10.0.40219.1
Project("{8BC9CEB8-8B4A-11D0-8D11-00A0C91BC942}") = "函数", "函数\函数.vcxproj", "{4B07A4DA-022A-4699-B059-0F2B20565F0A}"
EndProject
Global
	GlobalSection(SolutionConfigurationPlatforms) = preSolution
		Debug|x64 = Debug|x64
		Debug|x86 = Debug|x86
		Release|x64 = Release|x64
		Release|x86 = Release|x86
	EndGlobalSection
	GlobalSection(ProjectConfigurationPlatforms) = postSolution
		{4B07A4DA-022A-4699-B059-0F2B20565F0A}.Debug|x64.ActiveCfg = Debug|x64
		{4B07A4DA-022A-4699-B059-0F2B20565F0A}.Debug|x64.Build.0 = Debug|x64
		{4B07A4DA-022A-4699-B059-0F2B20565F0A}.Debug|x86.ActiveCfg = Debug|Win32
		{4B07A4DA-022A-4699-B059-0F2B20565F0A}.Debug|x86.Build.0 = Debug|Win32
		{4B07A4DA-022A-4699-B059-0F2B20565F0A}.Release|x64.ActiveCfg = Release|x64
		{4B07A4DA-022A-4699-B059-0F2B20565F0A}.Release|x64.Build.0 = Release|x64
		{4B07A4DA-022A-4699-B059-0F2B20565F0A}.Release|x86.ActiveCfg = Release|Win32
		{4B07A4DA-022A-4699-B059-0F2B20565F0A}.Release|x86.Build.0 = Release|Win32
	EndGlobalSection
	GlobalSection(SolutionProperties) = preSolution
		HideSolutionNode = FALSE
	EndGlobalSection
	GlobalSection(ExtensibilityGlobals) = postSolution
		SolutionGuid = {FC1DD54F-E456-4CCB-B931-63C7E7FE01F8}
	EndGlobalSection
EndGlobal
